
Microsoft Visual Studio Solution File, Format Version 12.00
# Visual Studio Version 17
VisualStudioVersion = 17.2.32526.322
MinimumVisualStudioVersion = 10.0.40219.1
Project("{9A19103F-16F7-4668-BE54-9A1E7A4F7556}") = "AppTorneos", "AppTorneos\AppTorneos.csproj", "{F274745E-6240-4F84-AAF7-64B028A8F4F7}"
EndProject
Global
	GlobalSection(SolutionConfigurationPlatforms) = preSolution
		Debug|Any CPU = Debug|Any CPU
		Release|Any CPU = Release|Any CPU
	EndGlobalSection
	GlobalSection(ProjectConfigurationPlatforms) = postSolution
		{F274745E-6240-4F84-AAF7-64B028A8F4F7}.Debug|Any CPU.ActiveCfg = Debug|Any CPU
		{F274745E-6240-4F84-AAF7-64B028A8F4F7}.Debug|Any CPU.Build.0 = Debug|Any CPU
		{F274745E-6240-4F84-AAF7-64B028A8F4F7}.Release|Any CPU.ActiveCfg = Release|Any CPU
		{F274745E-6240-4F84-AAF7-64B028A8F4F7}.Release|Any CPU.Build.0 = Release|Any CPU
	EndGlobalSection
	GlobalSection(SolutionProperties) = preSolution
		HideSolutionNode = FALSE
	EndGlobalSection
	GlobalSection(ExtensibilityGlobals) = postSolution
		SolutionGuid = {F60AF13F-B944-40F7-8434-4217B30386D1}
	EndGlobalSection
EndGlobal
